
Microsoft Visual Studio Solution File, Format Version 12.00
# Visual Studio Version 17
VisualStudioVersion = 17.7.34018.315
MinimumVisualStudioVersion = 10.0.40219.1
Project("{FAE04EC0-301F-11D3-BF4B-00C04F79EFBC}") = "WeatherapiConsole", "WeatherapiConsole\WeatherapiConsole.csproj", "{121EE17B-FCFE-43F4-A18D-06FF3AB86062}"
EndProject
Global
	GlobalSection(SolutionConfigurationPlatforms) = preSolution
		Debug|Any CPU = Debug|Any CPU
		Release|Any CPU = Release|Any CPU
	EndGlobalSection
	GlobalSection(ProjectConfigurationPlatforms) = postSolution
		{121EE17B-FCFE-43F4-A18D-06FF3AB86062}.Debug|Any CPU.ActiveCfg = Debug|Any CPU
		{121EE17B-FCFE-43F4-A18D-06FF3AB86062}.Debug|Any CPU.Build.0 = Debug|Any CPU
		{121EE17B-FCFE-43F4-A18D-06FF3AB86062}.Release|Any CPU.ActiveCfg = Release|Any CPU
		{121EE17B-FCFE-43F4-A18D-06FF3AB86062}.Release|Any CPU.Build.0 = Release|Any CPU
	EndGlobalSection
	GlobalSection(SolutionProperties) = preSolution
		HideSolutionNode = FALSE
	EndGlobalSection
	GlobalSection(ExtensibilityGlobals) = postSolution
		SolutionGuid = {05698D8E-F82E-4416-944C-973DD4E0AE3F}
	EndGlobalSection
EndGlobal
